
Microsoft Visual Studio Solution File, Format Version 12.00
# Visual Studio Version 17
VisualStudioVersion = 17.0.31903.59
MinimumVisualStudioVersion = 10.0.40219.1
Project("{FAE04EC0-301F-11D3-BF4B-00C04F79EFBC}") = "Leetcode", "Leetcode\Leetcode.csproj", "{493068EC-8D1C-4CE8-B0A3-A506AB64A557}"
EndProject
Project("{FAE04EC0-301F-11D3-BF4B-00C04F79EFBC}") = "Leetcode.Test", "Leetcode.Test\Leetcode.Test.csproj", "{4B935E54-2AD0-458E-919E-9CC17FA80D36}"
EndProject
Project("{FAE04EC0-301F-11D3-BF4B-00C04F79EFBC}") = "Utils", "Utils\Utils.csproj", "{A29563EE-7B27-4550-B6D7-5E37DE9DEB29}"
EndProject
Project("{FAE04EC0-301F-11D3-BF4B-00C04F79EFBC}") = "TestUtils", "TestUtils\TestUtils.csproj", "{2411007A-2339-4B8A-A6A5-857D2A954F1F}"
EndProject
Global
	GlobalSection(SolutionConfigurationPlatforms) = preSolution
		Debug|Any CPU = Debug|Any CPU
		Release|Any CPU = Release|Any CPU
	EndGlobalSection
	GlobalSection(SolutionProperties) = preSolution
		HideSolutionNode = FALSE
	EndGlobalSection
	GlobalSection(ProjectConfigurationPlatforms) = postSolution
		{493068EC-8D1C-4CE8-B0A3-A506AB64A557}.Debug|Any CPU.ActiveCfg = Debug|Any CPU
		{493068EC-8D1C-4CE8-B0A3-A506AB64A557}.Debug|Any CPU.Build.0 = Debug|Any CPU
		{493068EC-8D1C-4CE8-B0A3-A506AB64A557}.Release|Any CPU.ActiveCfg = Release|Any CPU
		{493068EC-8D1C-4CE8-B0A3-A506AB64A557}.Release|Any CPU.Build.0 = Release|Any CPU
		{4B935E54-2AD0-458E-919E-9CC17FA80D36}.Debug|Any CPU.ActiveCfg = Debug|Any CPU
		{4B935E54-2AD0-458E-919E-9CC17FA80D36}.Debug|Any CPU.Build.0 = Debug|Any CPU
		{4B935E54-2AD0-458E-919E-9CC17FA80D36}.Release|Any CPU.ActiveCfg = Release|Any CPU
		{4B935E54-2AD0-458E-919E-9CC17FA80D36}.Release|Any CPU.Build.0 = Release|Any CPU
		{A29563EE-7B27-4550-B6D7-5E37DE9DEB29}.Debug|Any CPU.ActiveCfg = Debug|Any CPU
		{A29563EE-7B27-4550-B6D7-5E37DE9DEB29}.Debug|Any CPU.Build.0 = Debug|Any CPU
		{A29563EE-7B27-4550-B6D7-5E37DE9DEB29}.Release|Any CPU.ActiveCfg = Release|Any CPU
		{A29563EE-7B27-4550-B6D7-5E37DE9DEB29}.Release|Any CPU.Build.0 = Release|Any CPU
		{2411007A-2339-4B8A-A6A5-857D2A954F1F}.Debug|Any CPU.ActiveCfg = Debug|Any CPU
		{2411007A-2339-4B8A-A6A5-857D2A954F1F}.Debug|Any CPU.Build.0 = Debug|Any CPU
		{2411007A-2339-4B8A-A6A5-857D2A954F1F}.Release|Any CPU.ActiveCfg = Release|Any CPU
		{2411007A-2339-4B8A-A6A5-857D2A954F1F}.Release|Any CPU.Build.0 = Release|Any CPU
	EndGlobalSection
EndGlobal
